
Microsoft Visual Studio Solution File, Format Version 12.00
# Visual Studio Version 16
VisualStudioVersion = 16.0.30621.155
MinimumVisualStudioVersion = 10.0.40219.1
Project("{8BC9CEB8-8B4A-11D0-8D11-00A0C91BC942}") = "logic", "projects\logic\logic.vcxproj", "{B1D3B86B-FBEE-4CF6-AB1A-47F0A20E4B24}"
EndProject
Project("{8BC9CEB8-8B4A-11D0-8D11-00A0C91BC942}") = "models", "projects\models\models.vcxproj", "{919D45F8-17A9-4525-B991-E735DA03DD1B}"
EndProject
Project("{8BC9CEB8-8B4A-11D0-8D11-00A0C91BC942}") = "gui", "projects\gui\gui.vcxproj", "{34091A15-CAAF-4813-BADA-79808B839B8B}"
EndProject
Project("{8BC9CEB8-8B4A-11D0-8D11-00A0C91BC942}") = "graphics", "projects\graphics\graphics.vcxproj", "{EF0F1B80-66B7-43FE-AB9B-0D9116F415BE}"
EndProject
Project("{8BC9CEB8-8B4A-11D0-8D11-00A0C91BC942}") = "base", "projects\base\base.vcxproj", "{CAD625A7-D9B7-4E56-9007-28FE957429BF}"
EndProject
Global
	GlobalSection(SolutionConfigurationPlatforms) = preSolution
		Debug|x64 = Debug|x64
		Debug|x86 = Debug|x86
		Release|x64 = Release|x64
		Release|x86 = Release|x86
	EndGlobalSection
	GlobalSection(ProjectConfigurationPlatforms) = postSolution
		{B1D3B86B-FBEE-4CF6-AB1A-47F0A20E4B24}.Debug|x64.ActiveCfg = Debug|x64
		{B1D3B86B-FBEE-4CF6-AB1A-47F0A20E4B24}.Debug|x64.Build.0 = Debug|x64
		{B1D3B86B-FBEE-4CF6-AB1A-47F0A20E4B24}.Debug|x86.ActiveCfg = Debug|Win32
		{B1D3B86B-FBEE-4CF6-AB1A-47F0A20E4B24}.Debug|x86.Build.0 = Debug|Win32
		{B1D3B86B-FBEE-4CF6-AB1A-47F0A20E4B24}.Release|x64.ActiveCfg = Release|x64
		{B1D3B86B-FBEE-4CF6-AB1A-47F0A20E4B24}.Release|x64.Build.0 = Release|x64
		{B1D3B86B-FBEE-4CF6-AB1A-47F0A20E4B24}.Release|x86.ActiveCfg = Release|Win32
		{B1D3B86B-FBEE-4CF6-AB1A-47F0A20E4B24}.Release|x86.Build.0 = Release|Win32
		{919D45F8-17A9-4525-B991-E735DA03DD1B}.Debug|x64.ActiveCfg = Debug|x64
		{919D45F8-17A9-4525-B991-E735DA03DD1B}.Debug|x64.Build.0 = Debug|x64
		{919D45F8-17A9-4525-B991-E735DA03DD1B}.Debug|x86.ActiveCfg = Debug|Win32
		{919D45F8-17A9-4525-B991-E735DA03DD1B}.Debug|x86.Build.0 = Debug|Win32
		{919D45F8-17A9-4525-B991-E735DA03DD1B}.Release|x64.ActiveCfg = Release|x64
		{919D45F8-17A9-4525-B991-E735DA03DD1B}.Release|x64.Build.0 = Release|x64
		{919D45F8-17A9-4525-B991-E735DA03DD1B}.Release|x86.ActiveCfg = Release|Win32
		{919D45F8-17A9-4525-B991-E735DA03DD1B}.Release|x86.Build.0 = Release|Win32
		{34091A15-CAAF-4813-BADA-79808B839B8B}.Debug|x64.ActiveCfg = Debug|x64
		{34091A15-CAAF-4813-BADA-79808B839B8B}.Debug|x64.Build.0 = Debug|x64
		{34091A15-CAAF-4813-BADA-79808B839B8B}.Debug|x86.ActiveCfg = Debug|Win32
		{34091A15-CAAF-4813-BADA-79808B839B8B}.Debug|x86.Build.0 = Debug|Win32
		{34091A15-CAAF-4813-BADA-79808B839B8B}.Release|x64.ActiveCfg = Release|x64
		{34091A15-CAAF-4813-BADA-79808B839B8B}.Release|x64.Build.0 = Release|x64
		{34091A15-CAAF-4813-BADA-79808B839B8B}.Release|x86.ActiveCfg = Release|Win32
		{34091A15-CAAF-4813-BADA-79808B839B8B}.Release|x86.Build.0 = Release|Win32
		{EF0F1B80-66B7-43FE-AB9B-0D9116F415BE}.Debug|x64.ActiveCfg = Debug|x64
		{EF0F1B80-66B7-43FE-AB9B-0D9116F415BE}.Debug|x64.Build.0 = Debug|x64
		{EF0F1B80-66B7-43FE-AB9B-0D9116F415BE}.Debug|x86.ActiveCfg = Debug|Win32
		{EF0F1B80-66B7-43FE-AB9B-0D9116F415BE}.Debug|x86.Build.0 = Debug|Win32
		{EF0F1B80-66B7-43FE-AB9B-0D9116F415BE}.Release|x64.ActiveCfg = Release|x64
		{EF0F1B80-66B7-43FE-AB9B-0D9116F415BE}.Release|x64.Build.0 = Release|x64
		{EF0F1B80-66B7-43FE-AB9B-0D9116F415BE}.Release|x86.ActiveCfg = Release|Win32
		{EF0F1B80-66B7-43FE-AB9B-0D9116F415BE}.Release|x86.Build.0 = Release|Win32
		{CAD625A7-D9B7-4E56-9007-28FE957429BF}.Debug|x64.ActiveCfg = Debug|x64
		{CAD625A7-D9B7-4E56-9007-28FE957429BF}.Debug|x64.Build.0 = Debug|x64
		{CAD625A7-D9B7-4E56-9007-28FE957429BF}.Debug|x86.ActiveCfg = Debug|Win32
		{CAD625A7-D9B7-4E56-9007-28FE957429BF}.Debug|x86.Build.0 = Debug|Win32
		{CAD625A7-D9B7-4E56-9007-28FE957429BF}.Release|x64.ActiveCfg = Release|x64
		{CAD625A7-D9B7-4E56-9007-28FE957429BF}.Release|x64.Build.0 = Release|x64
		{CAD625A7-D9B7-4E56-9007-28FE957429BF}.Release|x86.ActiveCfg = Release|Win32
		{CAD625A7-D9B7-4E56-9007-28FE957429BF}.Release|x86.Build.0 = Release|Win32
	EndGlobalSection
	GlobalSection(SolutionProperties) = preSolution
		HideSolutionNode = FALSE
	EndGlobalSection
	GlobalSection(ExtensibilityGlobals) = postSolution
		SolutionGuid = {0F05123C-36CA-4770-9F08-4C1E2A07F456}
	EndGlobalSection
EndGlobal
